// !$*UTF8*$!
{
	archiveVersion = 1;
	classes = {
	};
	objectVersion = 56;
	objects = {

/* Begin PBXBuildFile section */
		AE05A8CD2C3F235000018310 /* AppDelegate.swift in Sources */ = {isa = PBXBuildFile; fileRef = AE05A8CC2C3F235000018310 /* AppDelegate.swift */; };
		AE05A8CF2C3F235000018310 /* SceneDelegate.swift in Sources */ = {isa = PBXBuildFile; fileRef = AE05A8CE2C3F235000018310 /* SceneDelegate.swift */; };
		AE05A8D12C3F235000018310 /* ViewController.swift in Sources */ = {isa = PBXBuildFile; fileRef = AE05A8D02C3F235000018310 /* ViewController.swift */; };
		AE05A8D62C3F235100018310 /* Assets.xcassets in Resources */ = {isa = PBXBuildFile; fileRef = AE05A8D52C3F235100018310 /* Assets.xcassets */; };
		AE05A8D92C3F235100018310 /* Base in Resources */ = {isa = PBXBuildFile; fileRef = AE05A8D82C3F235100018310 /* Base */; };
		AE13747A2C5A41B8002E65E6 /* GoogleService-Info.plist in Resources */ = {isa = PBXBuildFile; fileRef = AE1374792C5A41B8002E65E6 /* GoogleService-Info.plist */; };
		AE58426D2C4EB4D0004BEFCA /* MatchMakerCore in Frameworks */ = {isa = PBXBuildFile; productRef = AE58426C2C4EB4D0004BEFCA /* MatchMakerCore */; };
		AE58426F2C4EB4D5004BEFCA /* MatchMakerSettings in Frameworks */ = {isa = PBXBuildFile; productRef = AE58426E2C4EB4D5004BEFCA /* MatchMakerSettings */; };
		AEA428D92C45A0C800FA5165 /* Poppins-Regular.ttf in Resources */ = {isa = PBXBuildFile; fileRef = AEA428D82C45A0C800FA5165 /* Poppins-Regular.ttf */; };
		AEA428E72C45EC4E00FA5165 /* FirebaseAuth in Frameworks */ = {isa = PBXBuildFile; productRef = AEA428E62C45EC4E00FA5165 /* FirebaseAuth */; };
		AEA428E92C45F52900FA5165 /* MatchMakerAuth in Frameworks */ = {isa = PBXBuildFile; productRef = AEA428E82C45F52900FA5165 /* MatchMakerAuth */; };
		AEDEA5D32C446A9E00AAE70A /* Poppins-Bold.ttf in Resources */ = {isa = PBXBuildFile; fileRef = AEDEA5D22C446A9E00AAE70A /* Poppins-Bold.ttf */; };
		AEDEA5D62C44722600AAE70A /* MatchMakerLogin in Frameworks */ = {isa = PBXBuildFile; productRef = AEDEA5D52C44722600AAE70A /* MatchMakerLogin */; };
		AEDEA5D82C44742800AAE70A /* DesignSystem in Frameworks */ = {isa = PBXBuildFile; productRef = AEDEA5D72C44742800AAE70A /* DesignSystem */; };
		AEE859642C4D638900674466 /* TabBarController.swift in Sources */ = {isa = PBXBuildFile; fileRef = AEE859632C4D638900674466 /* TabBarController.swift */; };
		AEE859662C4D647E00674466 /* Tab.swift in Sources */ = {isa = PBXBuildFile; fileRef = AEE859652C4D647E00674466 /* Tab.swift */; };
/* End PBXBuildFile section */

/* Begin PBXFileReference section */
		AE05A8C92C3F235000018310 /* MatchMaker.app */ = {isa = PBXFileReference; explicitFileType = wrapper.application; includeInIndex = 0; path = MatchMaker.app; sourceTree = BUILT_PRODUCTS_DIR; };
		AE05A8CC2C3F235000018310 /* AppDelegate.swift */ = {isa = PBXFileReference; lastKnownFileType = sourcecode.swift; path = AppDelegate.swift; sourceTree = "<group>"; };
		AE05A8CE2C3F235000018310 /* SceneDelegate.swift */ = {isa = PBXFileReference; lastKnownFileType = sourcecode.swift; path = SceneDelegate.swift; sourceTree = "<group>"; };
		AE05A8D02C3F235000018310 /* ViewController.swift */ = {isa = PBXFileReference; lastKnownFileType = sourcecode.swift; path = ViewController.swift; sourceTree = "<group>"; };
		AE05A8D52C3F235100018310 /* Assets.xcassets */ = {isa = PBXFileReference; lastKnownFileType = folder.assetcatalog; path = Assets.xcassets; sourceTree = "<group>"; };
		AE05A8D82C3F235100018310 /* Base */ = {isa = PBXFileReference; lastKnownFileType = file.storyboard; name = Base; path = Base.lproj/LaunchScreen.storyboard; sourceTree = "<group>"; };
		AE05A8DA2C3F235100018310 /* Info.plist */ = {isa = PBXFileReference; lastKnownFileType = text.plist.xml; path = Info.plist; sourceTree = "<group>"; };
		AE05A8E02C3F294300018310 /* Modules */ = {isa = PBXFileReference; lastKnownFileType = wrapper; path = Modules; sourceTree = "<group>"; };
		AE1374792C5A41B8002E65E6 /* GoogleService-Info.plist */ = {isa = PBXFileReference; fileEncoding = 4; lastKnownFileType = text.plist.xml; path = "GoogleService-Info.plist"; sourceTree = "<group>"; };
		AEA428D82C45A0C800FA5165 /* Poppins-Regular.ttf */ = {isa = PBXFileReference; lastKnownFileType = file; path = "Poppins-Regular.ttf"; sourceTree = "<group>"; };
		AEDEA5D22C446A9E00AAE70A /* Poppins-Bold.ttf */ = {isa = PBXFileReference; lastKnownFileType = file; path = "Poppins-Bold.ttf"; sourceTree = "<group>"; };
		AEE859632C4D638900674466 /* TabBarController.swift */ = {isa = PBXFileReference; lastKnownFileType = sourcecode.swift; path = TabBarController.swift; sourceTree = "<group>"; };
		AEE859652C4D647E00674466 /* Tab.swift */ = {isa = PBXFileReference; lastKnownFileType = sourcecode.swift; path = Tab.swift; sourceTree = "<group>"; };
/* End PBXFileReference section */

/* Begin PBXFrameworksBuildPhase section */
		AE05A8C62C3F235000018310 /* Frameworks */ = {
			isa = PBXFrameworksBuildPhase;
			buildActionMask = 2147483647;
			files = (
				AEDEA5D62C44722600AAE70A /* MatchMakerLogin in Frameworks */,
				AEA428E92C45F52900FA5165 /* MatchMakerAuth in Frameworks */,
				AE58426D2C4EB4D0004BEFCA /* MatchMakerCore in Frameworks */,
				AEA428E72C45EC4E00FA5165 /* FirebaseAuth in Frameworks */,
				AE58426F2C4EB4D5004BEFCA /* MatchMakerSettings in Frameworks */,
				AEDEA5D82C44742800AAE70A /* DesignSystem in Frameworks */,
			);
			runOnlyForDeploymentPostprocessing = 0;
		};
/* End PBXFrameworksBuildPhase section */

/* Begin PBXGroup section */
		AE05A8C02C3F235000018310 = {
			isa = PBXGroup;
			children = (
				AE05A8E02C3F294300018310 /* Modules */,
				AE05A8CB2C3F235000018310 /* MatchMaker */,
				AE05A8CA2C3F235000018310 /* Products */,
				AEDEA5D42C44722600AAE70A /* Frameworks */,
			);
			sourceTree = "<group>";
		};
		AE05A8CA2C3F235000018310 /* Products */ = {
			isa = PBXGroup;
			children = (
				AE05A8C92C3F235000018310 /* MatchMaker.app */,
			);
			name = Products;
			sourceTree = "<group>";
		};
		AE05A8CB2C3F235000018310 /* MatchMaker */ = {
			isa = PBXGroup;
			children = (
				AEE859672C4D648600674466 /* Tab */,
				AEDEA5D02C44698400AAE70A /* Resources */,
				AE05A8CC2C3F235000018310 /* AppDelegate.swift */,
				AE05A8CE2C3F235000018310 /* SceneDelegate.swift */,
				AE1374792C5A41B8002E65E6 /* GoogleService-Info.plist */,
				AE05A8D02C3F235000018310 /* ViewController.swift */,
				AE05A8D52C3F235100018310 /* Assets.xcassets */,
				AE05A8D72C3F235100018310 /* LaunchScreen.storyboard */,
				AE05A8DA2C3F235100018310 /* Info.plist */,
			);
			path = MatchMaker;
			sourceTree = "<group>";
		};
		AEDEA5D02C44698400AAE70A /* Resources */ = {
			isa = PBXGroup;
			children = (
				AEDEA5D12C44698F00AAE70A /* Fonts */,
			);
			path = Resources;
			sourceTree = "<group>";
		};
		AEDEA5D12C44698F00AAE70A /* Fonts */ = {
			isa = PBXGroup;
			children = (
				AEA428D82C45A0C800FA5165 /* Poppins-Regular.ttf */,
				AEDEA5D22C446A9E00AAE70A /* Poppins-Bold.ttf */,
			);
			path = Fonts;
			sourceTree = "<group>";
		};
		AEDEA5D42C44722600AAE70A /* Frameworks */ = {
			isa = PBXGroup;
			children = (
			);
			name = Frameworks;
			sourceTree = "<group>";
		};
		AEE859672C4D648600674466 /* Tab */ = {
			isa = PBXGroup;
			children = (
				AEE859632C4D638900674466 /* TabBarController.swift */,
				AEE859652C4D647E00674466 /* Tab.swift */,
			);
			path = Tab;
			sourceTree = "<group>";
		};
/* End PBXGroup section */

/* Begin PBXNativeTarget section */
		AE05A8C82C3F235000018310 /* MatchMaker */ = {
			isa = PBXNativeTarget;
			buildConfigurationList = AE05A8DD2C3F235100018310 /* Build configuration list for PBXNativeTarget "MatchMaker" */;
			buildPhases = (
				AE05A8C52C3F235000018310 /* Sources */,
				AE05A8C62C3F235000018310 /* Frameworks */,
				AE05A8C72C3F235000018310 /* Resources */,
			);
			buildRules = (
			);
			dependencies = (
			);
			name = MatchMaker;
			packageProductDependencies = (
				AEDEA5D52C44722600AAE70A /* MatchMakerLogin */,
				AEDEA5D72C44742800AAE70A /* DesignSystem */,
				AEA428E62C45EC4E00FA5165 /* FirebaseAuth */,
				AEA428E82C45F52900FA5165 /* MatchMakerAuth */,
				AE58426C2C4EB4D0004BEFCA /* MatchMakerCore */,
				AE58426E2C4EB4D5004BEFCA /* MatchMakerSettings */,
			);
			productName = MatchMaker;
			productReference = AE05A8C92C3F235000018310 /* MatchMaker.app */;
			productType = "com.apple.product-type.application";
		};
/* End PBXNativeTarget section */

/* Begin PBXProject section */
		AE05A8C12C3F235000018310 /* Project object */ = {
			isa = PBXProject;
			attributes = {
				BuildIndependentTargetsInParallel = 1;
				LastSwiftUpdateCheck = 1530;
				LastUpgradeCheck = 1530;
				TargetAttributes = {
					AE05A8C82C3F235000018310 = {
						CreatedOnToolsVersion = 15.3;
					};
				};
			};
			buildConfigurationList = AE05A8C42C3F235000018310 /* Build configuration list for PBXProject "MatchMaker" */;
			compatibilityVersion = "Xcode 14.0";
			developmentRegion = en;
			hasScannedForEncodings = 0;
			knownRegions = (
				en,
				Base,
			);
			mainGroup = AE05A8C02C3F235000018310;
			packageReferences = (
				AEA428E52C45EC4E00FA5165 /* XCRemoteSwiftPackageReference "firebase-ios-sdk" */,
			);
			productRefGroup = AE05A8CA2C3F235000018310 /* Products */;
			projectDirPath = "";
			projectRoot = "";
			targets = (
				AE05A8C82C3F235000018310 /* MatchMaker */,
			);
		};
/* End PBXProject section */

/* Begin PBXResourcesBuildPhase section */
		AE05A8C72C3F235000018310 /* Resources */ = {
			isa = PBXResourcesBuildPhase;
			buildActionMask = 2147483647;
			files = (
				AE05A8D62C3F235100018310 /* Assets.xcassets in Resources */,
				AE05A8D92C3F235100018310 /* Base in Resources */,
				AE13747A2C5A41B8002E65E6 /* GoogleService-Info.plist in Resources */,
				AEDEA5D32C446A9E00AAE70A /* Poppins-Bold.ttf in Resources */,
				AEA428D92C45A0C800FA5165 /* Poppins-Regular.ttf in Resources */,
			);
			runOnlyForDeploymentPostprocessing = 0;
		};
/* End PBXResourcesBuildPhase section */

/* Begin PBXSourcesBuildPhase section */
		AE05A8C52C3F235000018310 /* Sources */ = {
			isa = PBXSourcesBuildPhase;
			buildActionMask = 2147483647;
			files = (
				AE05A8D12C3F235000018310 /* ViewController.swift in Sources */,
				AEE859642C4D638900674466 /* TabBarController.swift in Sources */,
				AEE859662C4D647E00674466 /* Tab.swift in Sources */,
				AE05A8CD2C3F235000018310 /* AppDelegate.swift in Sources */,
				AE05A8CF2C3F235000018310 /* SceneDelegate.swift in Sources */,
			);
			runOnlyForDeploymentPostprocessing = 0;
		};
/* End PBXSourcesBuildPhase section */

/* Begin PBXVariantGroup section */
		AE05A8D72C3F235100018310 /* LaunchScreen.storyboard */ = {
			isa = PBXVariantGroup;
			children = (
				AE05A8D82C3F235100018310 /* Base */,
			);
			name = LaunchScreen.storyboard;
			sourceTree = "<group>";
		};
/* End PBXVariantGroup section */

/* Begin XCBuildConfiguration section */
		AE05A8DB2C3F235100018310 /* Debug */ = {
			isa = XCBuildConfiguration;
			buildSettings = {
				ALWAYS_SEARCH_USER_PATHS = NO;
				ASSETCATALOG_COMPILER_GENERATE_SWIFT_ASSET_SYMBOL_EXTENSIONS = YES;
				CLANG_ANALYZER_NONNULL = YES;
				CLANG_ANALYZER_NUMBER_OBJECT_CONVERSION = YES_AGGRESSIVE;
				CLANG_CXX_LANGUAGE_STANDARD = "gnu++20";
				CLANG_ENABLE_MODULES = YES;
				CLANG_ENABLE_OBJC_ARC = YES;
				CLANG_ENABLE_OBJC_WEAK = YES;
				CLANG_WARN_BLOCK_CAPTURE_AUTORELEASING = YES;
				CLANG_WARN_BOOL_CONVERSION = YES;
				CLANG_WARN_COMMA = YES;
				CLANG_WARN_CONSTANT_CONVERSION = YES;
				CLANG_WARN_DEPRECATED_OBJC_IMPLEMENTATIONS = YES;
				CLANG_WARN_DIRECT_OBJC_ISA_USAGE = YES_ERROR;
				CLANG_WARN_DOCUMENTATION_COMMENTS = YES;
				CLANG_WARN_EMPTY_BODY = YES;
				CLANG_WARN_ENUM_CONVERSION = YES;
				CLANG_WARN_INFINITE_RECURSION = YES;
				CLANG_WARN_INT_CONVERSION = YES;
				CLANG_WARN_NON_LITERAL_NULL_CONVERSION = YES;
				CLANG_WARN_OBJC_IMPLICIT_RETAIN_SELF = YES;
				CLANG_WARN_OBJC_LITERAL_CONVERSION = YES;
				CLANG_WARN_OBJC_ROOT_CLASS = YES_ERROR;
				CLANG_WARN_QUOTED_INCLUDE_IN_FRAMEWORK_HEADER = YES;
				CLANG_WARN_RANGE_LOOP_ANALYSIS = YES;
				CLANG_WARN_STRICT_PROTOTYPES = YES;
				CLANG_WARN_SUSPICIOUS_MOVE = YES;
				CLANG_WARN_UNGUARDED_AVAILABILITY = YES_AGGRESSIVE;
				CLANG_WARN_UNREACHABLE_CODE = YES;
				CLANG_WARN__DUPLICATE_METHOD_MATCH = YES;
				COPY_PHASE_STRIP = NO;
				DEBUG_INFORMATION_FORMAT = dwarf;
				ENABLE_STRICT_OBJC_MSGSEND = YES;
				ENABLE_TESTABILITY = YES;
				ENABLE_USER_SCRIPT_SANDBOXING = YES;
				GCC_C_LANGUAGE_STANDARD = gnu17;
				GCC_DYNAMIC_NO_PIC = NO;
				GCC_NO_COMMON_BLOCKS = YES;
				GCC_OPTIMIZATION_LEVEL = 0;
				GCC_PREPROCESSOR_DEFINITIONS = (
					"DEBUG=1",
					"$(inherited)",
				);
				GCC_WARN_64_TO_32_BIT_CONVERSION = YES;
				GCC_WARN_ABOUT_RETURN_TYPE = YES_ERROR;
				GCC_WARN_UNDECLARED_SELECTOR = YES;
				GCC_WARN_UNINITIALIZED_AUTOS = YES_AGGRESSIVE;
				GCC_WARN_UNUSED_FUNCTION = YES;
				GCC_WARN_UNUSED_VARIABLE = YES;
				IPHONEOS_DEPLOYMENT_TARGET = 17.4;
				LOCALIZATION_PREFERS_STRING_CATALOGS = YES;
				MTL_ENABLE_DEBUG_INFO = INCLUDE_SOURCE;
				MTL_FAST_MATH = YES;
				ONLY_ACTIVE_ARCH = YES;
				SDKROOT = iphoneos;
				SWIFT_ACTIVE_COMPILATION_CONDITIONS = "DEBUG $(inherited)";
				SWIFT_OPTIMIZATION_LEVEL = "-Onone";
			};
			name = Debug;
		};
		AE05A8DC2C3F235100018310 /* Release */ = {
			isa = XCBuildConfiguration;
			buildSettings = {
				ALWAYS_SEARCH_USER_PATHS = NO;
				ASSETCATALOG_COMPILER_GENERATE_SWIFT_ASSET_SYMBOL_EXTENSIONS = YES;
				CLANG_ANALYZER_NONNULL = YES;
				CLANG_ANALYZER_NUMBER_OBJECT_CONVERSION = YES_AGGRESSIVE;
				CLANG_CXX_LANGUAGE_STANDARD = "gnu++20";
				CLANG_ENABLE_MODULES = YES;
				CLANG_ENABLE_OBJC_ARC = YES;
				CLANG_ENABLE_OBJC_WEAK = YES;
				CLANG_WARN_BLOCK_CAPTURE_AUTORELEASING = YES;
				CLANG_WARN_BOOL_CONVERSION = YES;
				CLANG_WARN_COMMA = YES;
				CLANG_WARN_CONSTANT_CONVERSION = YES;
				CLANG_WARN_DEPRECATED_OBJC_IMPLEMENTATIONS = YES;
				CLANG_WARN_DIRECT_OBJC_ISA_USAGE = YES_ERROR;
				CLANG_WARN_DOCUMENTATION_COMMENTS = YES;
				CLANG_WARN_EMPTY_BODY = YES;
				CLANG_WARN_ENUM_CONVERSION = YES;
				CLANG_WARN_INFINITE_RECURSION = YES;
				CLANG_WARN_INT_CONVERSION = YES;
				CLANG_WARN_NON_LITERAL_NULL_CONVERSION = YES;
				CLANG_WARN_OBJC_IMPLICIT_RETAIN_SELF = YES;
				CLANG_WARN_OBJC_LITERAL_CONVERSION = YES;
				CLANG_WARN_OBJC_ROOT_CLASS = YES_ERROR;
				CLANG_WARN_QUOTED_INCLUDE_IN_FRAMEWORK_HEADER = YES;
				CLANG_WARN_RANGE_LOOP_ANALYSIS = YES;
				CLANG_WARN_STRICT_PROTOTYPES = YES;
				CLANG_WARN_SUSPICIOUS_MOVE = YES;
				CLANG_WARN_UNGUARDED_AVAILABILITY = YES_AGGRESSIVE;
				CLANG_WARN_UNREACHABLE_CODE = YES;
				CLANG_WARN__DUPLICATE_METHOD_MATCH = YES;
				COPY_PHASE_STRIP = NO;
				DEBUG_INFORMATION_FORMAT = "dwarf-with-dsym";
				ENABLE_NS_ASSERTIONS = NO;
				ENABLE_STRICT_OBJC_MSGSEND = YES;
				ENABLE_USER_SCRIPT_SANDBOXING = YES;
				GCC_C_LANGUAGE_STANDARD = gnu17;
				GCC_NO_COMMON_BLOCKS = YES;
				GCC_WARN_64_TO_32_BIT_CONVERSION = YES;
				GCC_WARN_ABOUT_RETURN_TYPE = YES_ERROR;
				GCC_WARN_UNDECLARED_SELECTOR = YES;
				GCC_WARN_UNINITIALIZED_AUTOS = YES_AGGRESSIVE;
				GCC_WARN_UNUSED_FUNCTION = YES;
				GCC_WARN_UNUSED_VARIABLE = YES;
				IPHONEOS_DEPLOYMENT_TARGET = 17.4;
				LOCALIZATION_PREFERS_STRING_CATALOGS = YES;
				MTL_ENABLE_DEBUG_INFO = NO;
				MTL_FAST_MATH = YES;
				SDKROOT = iphoneos;
				SWIFT_COMPILATION_MODE = wholemodule;
				VALIDATE_PRODUCT = YES;
			};
			name = Release;
		};
		AE05A8DE2C3F235100018310 /* Debug */ = {
			isa = XCBuildConfiguration;
			buildSettings = {
				ASSETCATALOG_COMPILER_APPICON_NAME = AppIcon;
				ASSETCATALOG_COMPILER_GLOBAL_ACCENT_COLOR_NAME = AccentColor;
				CODE_SIGN_STYLE = Automatic;
				CURRENT_PROJECT_VERSION = 1;
				DEVELOPMENT_TEAM = J7US55UYJ3;
				GENERATE_INFOPLIST_FILE = YES;
				INFOPLIST_FILE = MatchMaker/Info.plist;
				INFOPLIST_KEY_UIApplicationSupportsIndirectInputEvents = YES;
				INFOPLIST_KEY_UILaunchStoryboardName = LaunchScreen;
				INFOPLIST_KEY_UISupportedInterfaceOrientations_iPad = "UIInterfaceOrientationPortrait UIInterfaceOrientationPortraitUpsideDown UIInterfaceOrientationLandscapeLeft UIInterfaceOrientationLandscapeRight";
				INFOPLIST_KEY_UISupportedInterfaceOrientations_iPhone = "UIInterfaceOrientationPortrait UIInterfaceOrientationLandscapeLeft UIInterfaceOrientationLandscapeRight";
				LD_RUNPATH_SEARCH_PATHS = (
					"$(inherited)",
					"@executable_path/Frameworks",
				);
				MARKETING_VERSION = 1.0;
				PRODUCT_BUNDLE_IDENTIFIER = com.piotrantkiewicz.MatchMaker;
				PRODUCT_NAME = "$(TARGET_NAME)";
				SWIFT_EMIT_LOC_STRINGS = YES;
				SWIFT_VERSION = 5.0;
				TARGETED_DEVICE_FAMILY = "1,2";
			};
			name = Debug;
		};
		AE05A8DF2C3F235100018310 /* Release */ = {
			isa = XCBuildConfiguration;
			buildSettings = {
				ASSETCATALOG_COMPILER_APPICON_NAME = AppIcon;
				ASSETCATALOG_COMPILER_GLOBAL_ACCENT_COLOR_NAME = AccentColor;
				CODE_SIGN_STYLE = Automatic;
				CURRENT_PROJECT_VERSION = 1;
				DEVELOPMENT_TEAM = J7US55UYJ3;
				GENERATE_INFOPLIST_FILE = YES;
				INFOPLIST_FILE = MatchMaker/Info.plist;
				INFOPLIST_KEY_UIApplicationSupportsIndirectInputEvents = YES;
				INFOPLIST_KEY_UILaunchStoryboardName = LaunchScreen;
				INFOPLIST_KEY_UISupportedInterfaceOrientations_iPad = "UIInterfaceOrientationPortrait UIInterfaceOrientationPortraitUpsideDown UIInterfaceOrientationLandscapeLeft UIInterfaceOrientationLandscapeRight";
				INFOPLIST_KEY_UISupportedInterfaceOrientations_iPhone = "UIInterfaceOrientationPortrait UIInterfaceOrientationLandscapeLeft UIInterfaceOrientationLandscapeRight";
				LD_RUNPATH_SEARCH_PATHS = (
					"$(inherited)",
					"@executable_path/Frameworks",
				);
				MARKETING_VERSION = 1.0;
				PRODUCT_BUNDLE_IDENTIFIER = com.piotrantkiewicz.MatchMaker;
				PRODUCT_NAME = "$(TARGET_NAME)";
				SWIFT_EMIT_LOC_STRINGS = YES;
				SWIFT_VERSION = 5.0;
				TARGETED_DEVICE_FAMILY = "1,2";
			};
			name = Release;
		};
/* End XCBuildConfiguration section */

/* Begin XCConfigurationList section */
		AE05A8C42C3F235000018310 /* Build configuration list for PBXProject "MatchMaker" */ = {
			isa = XCConfigurationList;
			buildConfigurations = (
				AE05A8DB2C3F235100018310 /* Debug */,
				AE05A8DC2C3F235100018310 /* Release */,
			);
			defaultConfigurationIsVisible = 0;
			defaultConfigurationName = Release;
		};
		AE05A8DD2C3F235100018310 /* Build configuration list for PBXNativeTarget "MatchMaker" */ = {
			isa = XCConfigurationList;
			buildConfigurations = (
				AE05A8DE2C3F235100018310 /* Debug */,
				AE05A8DF2C3F235100018310 /* Release */,
			);
			defaultConfigurationIsVisible = 0;
			defaultConfigurationName = Release;
		};
/* End XCConfigurationList section */

/* Begin XCRemoteSwiftPackageReference section */
		AEA428E52C45EC4E00FA5165 /* XCRemoteSwiftPackageReference "firebase-ios-sdk" */ = {
			isa = XCRemoteSwiftPackageReference;
			repositoryURL = "https://github.com/firebase/firebase-ios-sdk";
			requirement = {
				kind = upToNextMajorVersion;
				minimumVersion = 10.29.0;
			};
		};
/* End XCRemoteSwiftPackageReference section */

/* Begin XCSwiftPackageProductDependency section */
		AE58426C2C4EB4D0004BEFCA /* MatchMakerCore */ = {
			isa = XCSwiftPackageProductDependency;
			productName = MatchMakerCore;
		};
		AE58426E2C4EB4D5004BEFCA /* MatchMakerSettings */ = {
			isa = XCSwiftPackageProductDependency;
			productName = MatchMakerSettings;
		};
		AEA428E62C45EC4E00FA5165 /* FirebaseAuth */ = {
			isa = XCSwiftPackageProductDependency;
			package = AEA428E52C45EC4E00FA5165 /* XCRemoteSwiftPackageReference "firebase-ios-sdk" */;
			productName = FirebaseAuth;
		};
		AEA428E82C45F52900FA5165 /* MatchMakerAuth */ = {
			isa = XCSwiftPackageProductDependency;
			productName = MatchMakerAuth;
		};
		AEDEA5D52C44722600AAE70A /* MatchMakerLogin */ = {
			isa = XCSwiftPackageProductDependency;
			productName = MatchMakerLogin;
		};
		AEDEA5D72C44742800AAE70A /* DesignSystem */ = {
			isa = XCSwiftPackageProductDependency;
			productName = DesignSystem;
		};
/* End XCSwiftPackageProductDependency section */
	};
	rootObject = AE05A8C12C3F235000018310 /* Project object */;
}
